{
  "name": "divkit-builder",
  "version": "1.0.0",
  "lockfileVersion": 3,
  "requires": true,
  "packages": {
    "": {
      "name": "divkit-builder",
      "version": "1.0.0",
      "license": "ISC",
      "dependencies": {
        "@divkitframework/jsonbuilder": "^28.11.0"
      }
    },
    "node_modules/@divkitframework/jsonbuilder": {
      "version": "28.11.0",
      "resolved": "https://registry.npmjs.org/@divkitframework/jsonbuilder/-/jsonbuilder-28.11.0.tgz",
      "integrity": "sha512-Zdn3OD/i+3zCK4lCSDXDxpPzlJXUN5yDRlGLBDF6dB4tgiXqhVURpWZc3xMfhPrOwL5MeE2YAHga8KIvL2nzsw=="
    }
  }
}
